
Microsoft Visual Studio Solution File, Format Version 12.00
# Visual Studio Version 17
VisualStudioVersion = 17.3.32901.215
MinimumVisualStudioVersion = 10.0.40219.1
Project("{9A19103F-16F7-4668-BE54-9A1E7A4F7556}") = "01.CountSameValuesInArray", "01.CountSameValuesInArray\01.CountSameValuesInArray.csproj", "{4C108818-CDE0-4693-AD53-9EC369B5BD4C}"
EndProject
Project("{FAE04EC0-301F-11D3-BF4B-00C04F79EFBC}") = "02.AverageStudentGrades", "02.AverageStudentGrades\02.AverageStudentGrades.csproj", "{151FA405-7E54-4787-B90B-36DE238AFED2}"
EndProject
Project("{FAE04EC0-301F-11D3-BF4B-00C04F79EFBC}") = "03.Largest3Numbers", "03.Largest3Numbers\03.Largest3Numbers.csproj", "{6092DC9C-73A5-4137-BBC1-429C15E66462}"
EndProject
Project("{FAE04EC0-301F-11D3-BF4B-00C04F79EFBC}") = "04.ProductShop", "04.ProductShop\04.ProductShop.csproj", "{97382D24-6451-450E-9924-D69A4020C909}"
EndProject
Global
	GlobalSection(SolutionConfigurationPlatforms) = preSolution
		Debug|Any CPU = Debug|Any CPU
		Release|Any CPU = Release|Any CPU
	EndGlobalSection
	GlobalSection(ProjectConfigurationPlatforms) = postSolution
		{4C108818-CDE0-4693-AD53-9EC369B5BD4C}.Debug|Any CPU.ActiveCfg = Debug|Any CPU
		{4C108818-CDE0-4693-AD53-9EC369B5BD4C}.Debug|Any CPU.Build.0 = Debug|Any CPU
		{4C108818-CDE0-4693-AD53-9EC369B5BD4C}.Release|Any CPU.ActiveCfg = Release|Any CPU
		{4C108818-CDE0-4693-AD53-9EC369B5BD4C}.Release|Any CPU.Build.0 = Release|Any CPU
		{151FA405-7E54-4787-B90B-36DE238AFED2}.Debug|Any CPU.ActiveCfg = Debug|Any CPU
		{151FA405-7E54-4787-B90B-36DE238AFED2}.Debug|Any CPU.Build.0 = Debug|Any CPU
		{151FA405-7E54-4787-B90B-36DE238AFED2}.Release|Any CPU.ActiveCfg = Release|Any CPU
		{151FA405-7E54-4787-B90B-36DE238AFED2}.Release|Any CPU.Build.0 = Release|Any CPU
		{6092DC9C-73A5-4137-BBC1-429C15E66462}.Debug|Any CPU.ActiveCfg = Debug|Any CPU
		{6092DC9C-73A5-4137-BBC1-429C15E66462}.Debug|Any CPU.Build.0 = Debug|Any CPU
		{6092DC9C-73A5-4137-BBC1-429C15E66462}.Release|Any CPU.ActiveCfg = Release|Any CPU
		{6092DC9C-73A5-4137-BBC1-429C15E66462}.Release|Any CPU.Build.0 = Release|Any CPU
		{97382D24-6451-450E-9924-D69A4020C909}.Debug|Any CPU.ActiveCfg = Debug|Any CPU
		{97382D24-6451-450E-9924-D69A4020C909}.Debug|Any CPU.Build.0 = Debug|Any CPU
		{97382D24-6451-450E-9924-D69A4020C909}.Release|Any CPU.ActiveCfg = Release|Any CPU
		{97382D24-6451-450E-9924-D69A4020C909}.Release|Any CPU.Build.0 = Release|Any CPU
	EndGlobalSection
	GlobalSection(SolutionProperties) = preSolution
		HideSolutionNode = FALSE
	EndGlobalSection
	GlobalSection(ExtensibilityGlobals) = postSolution
		SolutionGuid = {68BAD2C8-89A2-4C54-A689-643365473417}
	EndGlobalSection
EndGlobal
