
Microsoft Visual Studio Solution File, Format Version 12.00
# Visual Studio Version 17
VisualStudioVersion = 17.3.32922.545
MinimumVisualStudioVersion = 10.0.40219.1
Project("{FAE04EC0-301F-11D3-BF4B-00C04F79EFBC}") = "01.ListyIterator", "01.ListyIterator\01.ListyIterator.csproj", "{58E098AA-A2A6-4C7B-A2B8-7E6B89C501B2}"
EndProject
Project("{FAE04EC0-301F-11D3-BF4B-00C04F79EFBC}") = "02.Collection", "02.Collection\02.Collection.csproj", "{7144D9EB-15F5-4BFA-B909-F929D7D396C3}"
EndProject
Project("{FAE04EC0-301F-11D3-BF4B-00C04F79EFBC}") = "03.Stack", "03.Stack\03.Stack.csproj", "{8629D793-77FA-4CB8-853B-41C1CB37E9FC}"
EndProject
Project("{FAE04EC0-301F-11D3-BF4B-00C04F79EFBC}") = "04.Froggy", "04.Froggy\04.Froggy.csproj", "{E060E401-4096-495F-9508-96D9F7425BB8}"
EndProject
Project("{FAE04EC0-301F-11D3-BF4B-00C04F79EFBC}") = "05.ComparingObjects", "05.ComparingObjects\05.ComparingObjects.csproj", "{4D80FE43-60D3-4069-BF26-E42DB6D8837A}"
EndProject
Project("{FAE04EC0-301F-11D3-BF4B-00C04F79EFBC}") = "06.EqualityLogic", "06.EqualityLogic\06.EqualityLogic.csproj", "{27C01EBB-BAE2-4ACB-AE7B-A83C2A445E86}"
EndProject
Project("{FAE04EC0-301F-11D3-BF4B-00C04F79EFBC}") = "07.CustomComparator", "07.CustomComparator\07.CustomComparator.csproj", "{9C888EFB-BD75-47CE-9A7E-E290FEA5F51A}"
EndProject
Global
	GlobalSection(SolutionConfigurationPlatforms) = preSolution
		Debug|Any CPU = Debug|Any CPU
		Release|Any CPU = Release|Any CPU
	EndGlobalSection
	GlobalSection(ProjectConfigurationPlatforms) = postSolution
		{58E098AA-A2A6-4C7B-A2B8-7E6B89C501B2}.Debug|Any CPU.ActiveCfg = Debug|Any CPU
		{58E098AA-A2A6-4C7B-A2B8-7E6B89C501B2}.Debug|Any CPU.Build.0 = Debug|Any CPU
		{58E098AA-A2A6-4C7B-A2B8-7E6B89C501B2}.Release|Any CPU.ActiveCfg = Release|Any CPU
		{58E098AA-A2A6-4C7B-A2B8-7E6B89C501B2}.Release|Any CPU.Build.0 = Release|Any CPU
		{7144D9EB-15F5-4BFA-B909-F929D7D396C3}.Debug|Any CPU.ActiveCfg = Debug|Any CPU
		{7144D9EB-15F5-4BFA-B909-F929D7D396C3}.Debug|Any CPU.Build.0 = Debug|Any CPU
		{7144D9EB-15F5-4BFA-B909-F929D7D396C3}.Release|Any CPU.ActiveCfg = Release|Any CPU
		{7144D9EB-15F5-4BFA-B909-F929D7D396C3}.Release|Any CPU.Build.0 = Release|Any CPU
		{8629D793-77FA-4CB8-853B-41C1CB37E9FC}.Debug|Any CPU.ActiveCfg = Debug|Any CPU
		{8629D793-77FA-4CB8-853B-41C1CB37E9FC}.Debug|Any CPU.Build.0 = Debug|Any CPU
		{8629D793-77FA-4CB8-853B-41C1CB37E9FC}.Release|Any CPU.ActiveCfg = Release|Any CPU
		{8629D793-77FA-4CB8-853B-41C1CB37E9FC}.Release|Any CPU.Build.0 = Release|Any CPU
		{E060E401-4096-495F-9508-96D9F7425BB8}.Debug|Any CPU.ActiveCfg = Debug|Any CPU
		{E060E401-4096-495F-9508-96D9F7425BB8}.Debug|Any CPU.Build.0 = Debug|Any CPU
		{E060E401-4096-495F-9508-96D9F7425BB8}.Release|Any CPU.ActiveCfg = Release|Any CPU
		{E060E401-4096-495F-9508-96D9F7425BB8}.Release|Any CPU.Build.0 = Release|Any CPU
		{4D80FE43-60D3-4069-BF26-E42DB6D8837A}.Debug|Any CPU.ActiveCfg = Debug|Any CPU
		{4D80FE43-60D3-4069-BF26-E42DB6D8837A}.Debug|Any CPU.Build.0 = Debug|Any CPU
		{4D80FE43-60D3-4069-BF26-E42DB6D8837A}.Release|Any CPU.ActiveCfg = Release|Any CPU
		{4D80FE43-60D3-4069-BF26-E42DB6D8837A}.Release|Any CPU.Build.0 = Release|Any CPU
		{27C01EBB-BAE2-4ACB-AE7B-A83C2A445E86}.Debug|Any CPU.ActiveCfg = Debug|Any CPU
		{27C01EBB-BAE2-4ACB-AE7B-A83C2A445E86}.Debug|Any CPU.Build.0 = Debug|Any CPU
		{27C01EBB-BAE2-4ACB-AE7B-A83C2A445E86}.Release|Any CPU.ActiveCfg = Release|Any CPU
		{27C01EBB-BAE2-4ACB-AE7B-A83C2A445E86}.Release|Any CPU.Build.0 = Release|Any CPU
		{9C888EFB-BD75-47CE-9A7E-E290FEA5F51A}.Debug|Any CPU.ActiveCfg = Debug|Any CPU
		{9C888EFB-BD75-47CE-9A7E-E290FEA5F51A}.Debug|Any CPU.Build.0 = Debug|Any CPU
		{9C888EFB-BD75-47CE-9A7E-E290FEA5F51A}.Release|Any CPU.ActiveCfg = Release|Any CPU
		{9C888EFB-BD75-47CE-9A7E-E290FEA5F51A}.Release|Any CPU.Build.0 = Release|Any CPU
	EndGlobalSection
	GlobalSection(SolutionProperties) = preSolution
		HideSolutionNode = FALSE
	EndGlobalSection
	GlobalSection(ExtensibilityGlobals) = postSolution
		SolutionGuid = {4C286E69-2733-4D68-95A1-FC2FE14E1944}
	EndGlobalSection
EndGlobal
