
Microsoft Visual Studio Solution File, Format Version 12.00
# Visual Studio Version 17
VisualStudioVersion = 17.3.32825.248
MinimumVisualStudioVersion = 10.0.40219.1
Project("{FAE04EC0-301F-11D3-BF4B-00C04F79EFBC}") = "ImplementingStackAndQueue", "ImplementingStackAndQueue\ImplementingStackAndQueue.csproj", "{07EEF9E7-D245-4D53-9085-33CAC3CEDB01}"
EndProject
Global
	GlobalSection(SolutionConfigurationPlatforms) = preSolution
		Debug|Any CPU = Debug|Any CPU
		Release|Any CPU = Release|Any CPU
	EndGlobalSection
	GlobalSection(ProjectConfigurationPlatforms) = postSolution
		{07EEF9E7-D245-4D53-9085-33CAC3CEDB01}.Debug|Any CPU.ActiveCfg = Debug|Any CPU
		{07EEF9E7-D245-4D53-9085-33CAC3CEDB01}.Debug|Any CPU.Build.0 = Debug|Any CPU
		{07EEF9E7-D245-4D53-9085-33CAC3CEDB01}.Release|Any CPU.ActiveCfg = Release|Any CPU
		{07EEF9E7-D245-4D53-9085-33CAC3CEDB01}.Release|Any CPU.Build.0 = Release|Any CPU
	EndGlobalSection
	GlobalSection(SolutionProperties) = preSolution
		HideSolutionNode = FALSE
	EndGlobalSection
	GlobalSection(ExtensibilityGlobals) = postSolution
		SolutionGuid = {62C8BD37-7995-4BF3-B173-63F8570B1AA3}
	EndGlobalSection
EndGlobal
